
Microsoft Visual Studio Solution File, Format Version 12.00
# Visual Studio 14
VisualStudioVersion = 14.0.25420.1
MinimumVisualStudioVersion = 10.0.40219.1
Project("{FAE04EC0-301F-11D3-BF4B-00C04F79EFBC}") = "GD.BBPH.BLL", "GD.BBPH.BLL\GD.BBPH.BLL.csproj", "{D10F7CA6-3D6E-48B8-8F2F-B72115C9D49D}"
EndProject
Project("{FAE04EC0-301F-11D3-BF4B-00C04F79EFBC}") = "GD.BBPH.CONTROL", "GD.BBPH.CONTROL\GD.BBPH.CONTROL.csproj", "{1583F050-4119-442F-A62B-65D97298298A}"
EndProject
Project("{FAE04EC0-301F-11D3-BF4B-00C04F79EFBC}") = "GD.BBPH.DAL", "GD.BBPH.DAL\GD.BBPH.DAL.csproj", "{7311254C-5B3B-43FF-A192-2EE572D24AB8}"
EndProject
Project("{FAE04EC0-301F-11D3-BF4B-00C04F79EFBC}") = "GD.BBPH.LIB", "GD.BBPH.LIB\GD.BBPH.LIB.csproj", "{6FD4582A-9360-4BB6-9024-DAB758B599B3}"
EndProject
Project("{FAE04EC0-301F-11D3-BF4B-00C04F79EFBC}") = "GD.BBPH.APP", "GD.BBPH.APP\GD.BBPH.APP.csproj", "{A23EFF64-E4C7-4020-9464-A9B475BD68D0}"
	ProjectSection(ProjectDependencies) = postProject
		{6FD4582A-9360-4BB6-9024-DAB758B599B3} = {6FD4582A-9360-4BB6-9024-DAB758B599B3}
		{7311254C-5B3B-43FF-A192-2EE572D24AB8} = {7311254C-5B3B-43FF-A192-2EE572D24AB8}
		{1583F050-4119-442F-A62B-65D97298298A} = {1583F050-4119-442F-A62B-65D97298298A}
		{D10F7CA6-3D6E-48B8-8F2F-B72115C9D49D} = {D10F7CA6-3D6E-48B8-8F2F-B72115C9D49D}
	EndProjectSection
EndProject
Project("{2150E333-8FDC-42A3-9474-1A3956D46DE8}") = "GenSupportCode", "GenSupportCode", "{F788C53D-8B87-47CE-B424-C4C5213C5B32}"
EndProject
Project("{2150E333-8FDC-42A3-9474-1A3956D46DE8}") = "Entity", "Entity", "{8E88BCCA-CC4D-4E93-9D13-4C1704F2A390}"
	ProjectSection(SolutionItems) = preProject
		GenSupportCode\Entity\BaogiaDEnt.cs = GenSupportCode\Entity\BaogiaDEnt.cs
		GenSupportCode\Entity\BaogiaHEnt.cs = GenSupportCode\Entity\BaogiaHEnt.cs
		GenSupportCode\Entity\CongsuatmayEnt.cs = GenSupportCode\Entity\CongsuatmayEnt.cs
		GenSupportCode\Entity\CtptmangDEnt.cs = GenSupportCode\Entity\CtptmangDEnt.cs
		GenSupportCode\Entity\CtptmangHEnt.cs = GenSupportCode\Entity\CtptmangHEnt.cs
		GenSupportCode\Entity\DinhmucthoigianEnt.cs = GenSupportCode\Entity\DinhmucthoigianEnt.cs
		GenSupportCode\Entity\DmbophanEnt.cs = GenSupportCode\Entity\DmbophanEnt.cs
		GenSupportCode\Entity\DmcapmaEnt.cs = GenSupportCode\Entity\DmcapmaEnt.cs
		GenSupportCode\Entity\DmchucvuEnt.cs = GenSupportCode\Entity\DmchucvuEnt.cs
		GenSupportCode\Entity\DmchungloaiEnt.cs = GenSupportCode\Entity\DmchungloaiEnt.cs
		GenSupportCode\Entity\DmcongdoanEnt.cs = GenSupportCode\Entity\DmcongdoanEnt.cs
		GenSupportCode\Entity\DmcongnhanEnt.cs = GenSupportCode\Entity\DmcongnhanEnt.cs
		GenSupportCode\Entity\DmdongmayEnt.cs = GenSupportCode\Entity\DmdongmayEnt.cs
		GenSupportCode\Entity\DmhangEnt.cs = GenSupportCode\Entity\DmhangEnt.cs
		GenSupportCode\Entity\DmkhachEnt.cs = GenSupportCode\Entity\DmkhachEnt.cs
		GenSupportCode\Entity\DmkhoEnt.cs = GenSupportCode\Entity\DmkhoEnt.cs
		GenSupportCode\Entity\DmlydonhapxuatEnt.cs = GenSupportCode\Entity\DmlydonhapxuatEnt.cs
		GenSupportCode\Entity\DmmangEnt.cs = GenSupportCode\Entity\DmmangEnt.cs
		GenSupportCode\Entity\DmmauEnt.cs = GenSupportCode\Entity\DmmauEnt.cs
		GenSupportCode\Entity\DmmayEnt.cs = GenSupportCode\Entity\DmmayEnt.cs
		GenSupportCode\Entity\DmnguyenlieuEnt.cs = GenSupportCode\Entity\DmnguyenlieuEnt.cs
		GenSupportCode\Entity\DmnhomnguyenlieuEnt.cs = GenSupportCode\Entity\DmnhomnguyenlieuEnt.cs
		GenSupportCode\Entity\DmquycachEnt.cs = GenSupportCode\Entity\DmquycachEnt.cs
		GenSupportCode\Entity\DmtaikhoanEnt.cs = GenSupportCode\Entity\DmtaikhoanEnt.cs
		GenSupportCode\Entity\DonhangDEnt.cs = GenSupportCode\Entity\DonhangDEnt.cs
		GenSupportCode\Entity\DonhangHEnt.cs = GenSupportCode\Entity\DonhangHEnt.cs
		GenSupportCode\Entity\HangtralaiEnt.cs = GenSupportCode\Entity\HangtralaiEnt.cs
		GenSupportCode\Entity\KetquachiaEnt.cs = GenSupportCode\Entity\KetquachiaEnt.cs
		GenSupportCode\Entity\KetquaghepEnt.cs = GenSupportCode\Entity\KetquaghepEnt.cs
		GenSupportCode\Entity\KetquainEnt.cs = GenSupportCode\Entity\KetquainEnt.cs
		GenSupportCode\Entity\KetquainmauEnt.cs = GenSupportCode\Entity\KetquainmauEnt.cs
		GenSupportCode\Entity\KetquathoiEnt.cs = GenSupportCode\Entity\KetquathoiEnt.cs
		GenSupportCode\Entity\KetquatuaEnt.cs = GenSupportCode\Entity\KetquatuaEnt.cs
		GenSupportCode\Entity\LogbackupEnt.cs = GenSupportCode\Entity\LogbackupEnt.cs
		GenSupportCode\Entity\MaucuahangEnt.cs = GenSupportCode\Entity\MaucuahangEnt.cs
		GenSupportCode\Entity\MenuEnt.cs = GenSupportCode\Entity\MenuEnt.cs
		GenSupportCode\Entity\MenuroleEnt.cs = GenSupportCode\Entity\MenuroleEnt.cs
		GenSupportCode\Entity\PhieugiaohangDEnt.cs = GenSupportCode\Entity\PhieugiaohangDEnt.cs
		GenSupportCode\Entity\PhieugiaohangHEnt.cs = GenSupportCode\Entity\PhieugiaohangHEnt.cs
		GenSupportCode\Entity\RolesEnt.cs = GenSupportCode\Entity\RolesEnt.cs
		GenSupportCode\Entity\ThamsoEnt.cs = GenSupportCode\Entity\ThamsoEnt.cs
		GenSupportCode\Entity\ThanhphanmauEnt.cs = GenSupportCode\Entity\ThanhphanmauEnt.cs
		GenSupportCode\Entity\TknguyenlieuthoiEnt.cs = GenSupportCode\Entity\TknguyenlieuthoiEnt.cs
		GenSupportCode\Entity\TruccuahangEnt.cs = GenSupportCode\Entity\TruccuahangEnt.cs
		GenSupportCode\Entity\UsersEnt.cs = GenSupportCode\Entity\UsersEnt.cs
	EndProjectSection
EndProject
Global
	GlobalSection(SolutionConfigurationPlatforms) = preSolution
		Debug|Any CPU = Debug|Any CPU
		Debug|Mixed Platforms = Debug|Mixed Platforms
		Debug|x86 = Debug|x86
		Release|Any CPU = Release|Any CPU
		Release|Mixed Platforms = Release|Mixed Platforms
		Release|x86 = Release|x86
	EndGlobalSection
	GlobalSection(ProjectConfigurationPlatforms) = postSolution
		{D10F7CA6-3D6E-48B8-8F2F-B72115C9D49D}.Debug|Any CPU.ActiveCfg = Debug|Any CPU
		{D10F7CA6-3D6E-48B8-8F2F-B72115C9D49D}.Debug|Any CPU.Build.0 = Debug|Any CPU
		{D10F7CA6-3D6E-48B8-8F2F-B72115C9D49D}.Debug|Mixed Platforms.ActiveCfg = Debug|x86
		{D10F7CA6-3D6E-48B8-8F2F-B72115C9D49D}.Debug|Mixed Platforms.Build.0 = Debug|x86
		{D10F7CA6-3D6E-48B8-8F2F-B72115C9D49D}.Debug|x86.ActiveCfg = Debug|x86
		{D10F7CA6-3D6E-48B8-8F2F-B72115C9D49D}.Debug|x86.Build.0 = Debug|x86
		{D10F7CA6-3D6E-48B8-8F2F-B72115C9D49D}.Release|Any CPU.ActiveCfg = Release|Any CPU
		{D10F7CA6-3D6E-48B8-8F2F-B72115C9D49D}.Release|Any CPU.Build.0 = Release|Any CPU
		{D10F7CA6-3D6E-48B8-8F2F-B72115C9D49D}.Release|Mixed Platforms.ActiveCfg = Release|x86
		{D10F7CA6-3D6E-48B8-8F2F-B72115C9D49D}.Release|Mixed Platforms.Build.0 = Release|x86
		{D10F7CA6-3D6E-48B8-8F2F-B72115C9D49D}.Release|x86.ActiveCfg = Release|x86
		{D10F7CA6-3D6E-48B8-8F2F-B72115C9D49D}.Release|x86.Build.0 = Release|x86
		{1583F050-4119-442F-A62B-65D97298298A}.Debug|Any CPU.ActiveCfg = Debug|Any CPU
		{1583F050-4119-442F-A62B-65D97298298A}.Debug|Any CPU.Build.0 = Debug|Any CPU
		{1583F050-4119-442F-A62B-65D97298298A}.Debug|Mixed Platforms.ActiveCfg = Debug|x86
		{1583F050-4119-442F-A62B-65D97298298A}.Debug|Mixed Platforms.Build.0 = Debug|x86
		{1583F050-4119-442F-A62B-65D97298298A}.Debug|x86.ActiveCfg = Debug|x86
		{1583F050-4119-442F-A62B-65D97298298A}.Debug|x86.Build.0 = Debug|x86
		{1583F050-4119-442F-A62B-65D97298298A}.Release|Any CPU.ActiveCfg = Release|Any CPU
		{1583F050-4119-442F-A62B-65D97298298A}.Release|Any CPU.Build.0 = Release|Any CPU
		{1583F050-4119-442F-A62B-65D97298298A}.Release|Mixed Platforms.ActiveCfg = Release|x86
		{1583F050-4119-442F-A62B-65D97298298A}.Release|Mixed Platforms.Build.0 = Release|x86
		{1583F050-4119-442F-A62B-65D97298298A}.Release|x86.ActiveCfg = Release|x86
		{1583F050-4119-442F-A62B-65D97298298A}.Release|x86.Build.0 = Release|x86
		{7311254C-5B3B-43FF-A192-2EE572D24AB8}.Debug|Any CPU.ActiveCfg = Debug|Any CPU
		{7311254C-5B3B-43FF-A192-2EE572D24AB8}.Debug|Any CPU.Build.0 = Debug|Any CPU
		{7311254C-5B3B-43FF-A192-2EE572D24AB8}.Debug|Mixed Platforms.ActiveCfg = Debug|Any CPU
		{7311254C-5B3B-43FF-A192-2EE572D24AB8}.Debug|Mixed Platforms.Build.0 = Debug|Any CPU
		{7311254C-5B3B-43FF-A192-2EE572D24AB8}.Debug|x86.ActiveCfg = Debug|Any CPU
		{7311254C-5B3B-43FF-A192-2EE572D24AB8}.Debug|x86.Build.0 = Debug|Any CPU
		{7311254C-5B3B-43FF-A192-2EE572D24AB8}.Release|Any CPU.ActiveCfg = Release|Any CPU
		{7311254C-5B3B-43FF-A192-2EE572D24AB8}.Release|Any CPU.Build.0 = Release|Any CPU
		{7311254C-5B3B-43FF-A192-2EE572D24AB8}.Release|Mixed Platforms.ActiveCfg = Release|Any CPU
		{7311254C-5B3B-43FF-A192-2EE572D24AB8}.Release|Mixed Platforms.Build.0 = Release|Any CPU
		{7311254C-5B3B-43FF-A192-2EE572D24AB8}.Release|x86.ActiveCfg = Release|Any CPU
		{7311254C-5B3B-43FF-A192-2EE572D24AB8}.Release|x86.Build.0 = Release|Any CPU
		{6FD4582A-9360-4BB6-9024-DAB758B599B3}.Debug|Any CPU.ActiveCfg = Debug|Any CPU
		{6FD4582A-9360-4BB6-9024-DAB758B599B3}.Debug|Any CPU.Build.0 = Debug|Any CPU
		{6FD4582A-9360-4BB6-9024-DAB758B599B3}.Debug|Mixed Platforms.ActiveCfg = Debug|x86
		{6FD4582A-9360-4BB6-9024-DAB758B599B3}.Debug|Mixed Platforms.Build.0 = Debug|x86
		{6FD4582A-9360-4BB6-9024-DAB758B599B3}.Debug|x86.ActiveCfg = Debug|x86
		{6FD4582A-9360-4BB6-9024-DAB758B599B3}.Debug|x86.Build.0 = Debug|x86
		{6FD4582A-9360-4BB6-9024-DAB758B599B3}.Release|Any CPU.ActiveCfg = Release|Any CPU
		{6FD4582A-9360-4BB6-9024-DAB758B599B3}.Release|Any CPU.Build.0 = Release|Any CPU
		{6FD4582A-9360-4BB6-9024-DAB758B599B3}.Release|Mixed Platforms.ActiveCfg = Release|x86
		{6FD4582A-9360-4BB6-9024-DAB758B599B3}.Release|Mixed Platforms.Build.0 = Release|x86
		{6FD4582A-9360-4BB6-9024-DAB758B599B3}.Release|x86.ActiveCfg = Release|x86
		{6FD4582A-9360-4BB6-9024-DAB758B599B3}.Release|x86.Build.0 = Release|x86
		{A23EFF64-E4C7-4020-9464-A9B475BD68D0}.Debug|Any CPU.ActiveCfg = Debug|x86
		{A23EFF64-E4C7-4020-9464-A9B475BD68D0}.Debug|Any CPU.Build.0 = Debug|x86
		{A23EFF64-E4C7-4020-9464-A9B475BD68D0}.Debug|Mixed Platforms.ActiveCfg = Debug|x86
		{A23EFF64-E4C7-4020-9464-A9B475BD68D0}.Debug|Mixed Platforms.Build.0 = Debug|x86
		{A23EFF64-E4C7-4020-9464-A9B475BD68D0}.Debug|x86.ActiveCfg = Debug|x86
		{A23EFF64-E4C7-4020-9464-A9B475BD68D0}.Debug|x86.Build.0 = Debug|x86
		{A23EFF64-E4C7-4020-9464-A9B475BD68D0}.Release|Any CPU.ActiveCfg = Release|x86
		{A23EFF64-E4C7-4020-9464-A9B475BD68D0}.Release|Mixed Platforms.ActiveCfg = Release|x86
		{A23EFF64-E4C7-4020-9464-A9B475BD68D0}.Release|Mixed Platforms.Build.0 = Release|x86
		{A23EFF64-E4C7-4020-9464-A9B475BD68D0}.Release|x86.ActiveCfg = Release|x86
		{A23EFF64-E4C7-4020-9464-A9B475BD68D0}.Release|x86.Build.0 = Release|x86
	EndGlobalSection
	GlobalSection(SolutionProperties) = preSolution
		HideSolutionNode = FALSE
	EndGlobalSection
	GlobalSection(NestedProjects) = preSolution
		{8E88BCCA-CC4D-4E93-9D13-4C1704F2A390} = {F788C53D-8B87-47CE-B424-C4C5213C5B32}
	EndGlobalSection
	GlobalSection(ExtensibilityGlobals) = postSolution
		SolutionGuid = {EE3F4224-6081-4020-8225-64CF91DDE386}
	EndGlobalSection
EndGlobal
