
Microsoft Visual Studio Solution File, Format Version 12.00
# Visual Studio 14
VisualStudioVersion = 14.0.25420.1
MinimumVisualStudioVersion = 10.0.40219.1
Project("{FAE04EC0-301F-11D3-BF4B-00C04F79EFBC}") = "GD.BBPH.BLL", "GD.BBPH.BLL\GD.BBPH.BLL.csproj", "{D10F7CA6-3D6E-48B8-8F2F-B72115C9D49D}"
EndProject
Project("{FAE04EC0-301F-11D3-BF4B-00C04F79EFBC}") = "GD.BBPH.CONTROL", "GD.BBPH.CONTROL\GD.BBPH.CONTROL.csproj", "{1583F050-4119-442F-A62B-65D97298298A}"
EndProject
Project("{FAE04EC0-301F-11D3-BF4B-00C04F79EFBC}") = "GD.BBPH.DAL", "GD.BBPH.DAL\GD.BBPH.DAL.csproj", "{7311254C-5B3B-43FF-A192-2EE572D24AB8}"
EndProject
Project("{FAE04EC0-301F-11D3-BF4B-00C04F79EFBC}") = "GD.BBPH.LIB", "GD.BBPH.LIB\GD.BBPH.LIB.csproj", "{6FD4582A-9360-4BB6-9024-DAB758B599B3}"
EndProject
Project("{FAE04EC0-301F-11D3-BF4B-00C04F79EFBC}") = "GD.BBPH.APP", "GD.BBPH.APP\GD.BBPH.APP.csproj", "{A23EFF64-E4C7-4020-9464-A9B475BD68D0}"
	ProjectSection(ProjectDependencies) = postProject
		{6FD4582A-9360-4BB6-9024-DAB758B599B3} = {6FD4582A-9360-4BB6-9024-DAB758B599B3}
		{7311254C-5B3B-43FF-A192-2EE572D24AB8} = {7311254C-5B3B-43FF-A192-2EE572D24AB8}
		{1583F050-4119-442F-A62B-65D97298298A} = {1583F050-4119-442F-A62B-65D97298298A}
		{D10F7CA6-3D6E-48B8-8F2F-B72115C9D49D} = {D10F7CA6-3D6E-48B8-8F2F-B72115C9D49D}
	EndProjectSection
EndProject
Project("{2150E333-8FDC-42A3-9474-1A3956D46DE8}") = "GenSupportCode", "GenSupportCode", "{8AA91BFB-AA86-4F15-9AA8-CFDF4059FDF7}"
EndProject
Project("{2150E333-8FDC-42A3-9474-1A3956D46DE8}") = "Entity", "Entity", "{FFB521EE-43B1-4389-B393-98CC5C38EDE1}"
	ProjectSection(SolutionItems) = preProject
		..\..\Temp\BBPH\Entity\CongsuatmayEnt.cs = ..\..\Temp\BBPH\Entity\CongsuatmayEnt.cs
		..\..\Temp\BBPH\Entity\CtptmangDEnt.cs = ..\..\Temp\BBPH\Entity\CtptmangDEnt.cs
		..\..\Temp\BBPH\Entity\CtptmangHEnt.cs = ..\..\Temp\BBPH\Entity\CtptmangHEnt.cs
		..\..\Temp\BBPH\Entity\DinhmuathoigianEnt.cs = ..\..\Temp\BBPH\Entity\DinhmuathoigianEnt.cs
		..\..\Temp\BBPH\Entity\DmbophanEnt.cs = ..\..\Temp\BBPH\Entity\DmbophanEnt.cs
		..\..\Temp\BBPH\Entity\DmcapmaEnt.cs = ..\..\Temp\BBPH\Entity\DmcapmaEnt.cs
		..\..\Temp\BBPH\Entity\DmchucvuEnt.cs = ..\..\Temp\BBPH\Entity\DmchucvuEnt.cs
		..\..\Temp\BBPH\Entity\DmcongdoanEnt.cs = ..\..\Temp\BBPH\Entity\DmcongdoanEnt.cs
		..\..\Temp\BBPH\Entity\DmcongnhanEnt.cs = ..\..\Temp\BBPH\Entity\DmcongnhanEnt.cs
		..\..\Temp\BBPH\Entity\DmdongmayEnt.cs = ..\..\Temp\BBPH\Entity\DmdongmayEnt.cs
		..\..\Temp\BBPH\Entity\DmhangEnt.cs = ..\..\Temp\BBPH\Entity\DmhangEnt.cs
		..\..\Temp\BBPH\Entity\DmkhachEnt.cs = ..\..\Temp\BBPH\Entity\DmkhachEnt.cs
		..\..\Temp\BBPH\Entity\DmkhoEnt.cs = ..\..\Temp\BBPH\Entity\DmkhoEnt.cs
		..\..\Temp\BBPH\Entity\DmlydonhapxuatEnt.cs = ..\..\Temp\BBPH\Entity\DmlydonhapxuatEnt.cs
		..\..\Temp\BBPH\Entity\DmmangEnt.cs = ..\..\Temp\BBPH\Entity\DmmangEnt.cs
		..\..\Temp\BBPH\Entity\DmmauEnt.cs = ..\..\Temp\BBPH\Entity\DmmauEnt.cs
		..\..\Temp\BBPH\Entity\DmmayEnt.cs = ..\..\Temp\BBPH\Entity\DmmayEnt.cs
		..\..\Temp\BBPH\Entity\DmnguyenlieuEnt.cs = ..\..\Temp\BBPH\Entity\DmnguyenlieuEnt.cs
		..\..\Temp\BBPH\Entity\DmnhomnguyenlieuEnt.cs = ..\..\Temp\BBPH\Entity\DmnhomnguyenlieuEnt.cs
		..\..\Temp\BBPH\Entity\DmquycachEnt.cs = ..\..\Temp\BBPH\Entity\DmquycachEnt.cs
		..\..\Temp\BBPH\Entity\DmtaikhoanEnt.cs = ..\..\Temp\BBPH\Entity\DmtaikhoanEnt.cs
		..\..\Temp\BBPH\Entity\LogbackupEnt.cs = ..\..\Temp\BBPH\Entity\LogbackupEnt.cs
		..\..\Temp\BBPH\Entity\MenuEnt.cs = ..\..\Temp\BBPH\Entity\MenuEnt.cs
		..\..\Temp\BBPH\Entity\MenuroleEnt.cs = ..\..\Temp\BBPH\Entity\MenuroleEnt.cs
		..\..\Temp\BBPH\Entity\RolesEnt.cs = ..\..\Temp\BBPH\Entity\RolesEnt.cs
		..\..\Temp\BBPH\Entity\ThamsoEnt.cs = ..\..\Temp\BBPH\Entity\ThamsoEnt.cs
		..\..\Temp\BBPH\Entity\UsersEnt.cs = ..\..\Temp\BBPH\Entity\UsersEnt.cs
	EndProjectSection
EndProject
Global
	GlobalSection(SolutionConfigurationPlatforms) = preSolution
		Debug|Any CPU = Debug|Any CPU
		Debug|Mixed Platforms = Debug|Mixed Platforms
		Debug|x86 = Debug|x86
		Release|Any CPU = Release|Any CPU
		Release|Mixed Platforms = Release|Mixed Platforms
		Release|x86 = Release|x86
	EndGlobalSection
	GlobalSection(ProjectConfigurationPlatforms) = postSolution
		{D10F7CA6-3D6E-48B8-8F2F-B72115C9D49D}.Debug|Any CPU.ActiveCfg = Debug|Any CPU
		{D10F7CA6-3D6E-48B8-8F2F-B72115C9D49D}.Debug|Any CPU.Build.0 = Debug|Any CPU
		{D10F7CA6-3D6E-48B8-8F2F-B72115C9D49D}.Debug|Mixed Platforms.ActiveCfg = Debug|x86
		{D10F7CA6-3D6E-48B8-8F2F-B72115C9D49D}.Debug|Mixed Platforms.Build.0 = Debug|x86
		{D10F7CA6-3D6E-48B8-8F2F-B72115C9D49D}.Debug|x86.ActiveCfg = Debug|x86
		{D10F7CA6-3D6E-48B8-8F2F-B72115C9D49D}.Debug|x86.Build.0 = Debug|x86
		{D10F7CA6-3D6E-48B8-8F2F-B72115C9D49D}.Release|Any CPU.ActiveCfg = Release|Any CPU
		{D10F7CA6-3D6E-48B8-8F2F-B72115C9D49D}.Release|Any CPU.Build.0 = Release|Any CPU
		{D10F7CA6-3D6E-48B8-8F2F-B72115C9D49D}.Release|Mixed Platforms.ActiveCfg = Release|x86
		{D10F7CA6-3D6E-48B8-8F2F-B72115C9D49D}.Release|Mixed Platforms.Build.0 = Release|x86
		{D10F7CA6-3D6E-48B8-8F2F-B72115C9D49D}.Release|x86.ActiveCfg = Release|x86
		{D10F7CA6-3D6E-48B8-8F2F-B72115C9D49D}.Release|x86.Build.0 = Release|x86
		{1583F050-4119-442F-A62B-65D97298298A}.Debug|Any CPU.ActiveCfg = Debug|Any CPU
		{1583F050-4119-442F-A62B-65D97298298A}.Debug|Any CPU.Build.0 = Debug|Any CPU
		{1583F050-4119-442F-A62B-65D97298298A}.Debug|Mixed Platforms.ActiveCfg = Debug|x86
		{1583F050-4119-442F-A62B-65D97298298A}.Debug|Mixed Platforms.Build.0 = Debug|x86
		{1583F050-4119-442F-A62B-65D97298298A}.Debug|x86.ActiveCfg = Debug|x86
		{1583F050-4119-442F-A62B-65D97298298A}.Debug|x86.Build.0 = Debug|x86
		{1583F050-4119-442F-A62B-65D97298298A}.Release|Any CPU.ActiveCfg = Release|Any CPU
		{1583F050-4119-442F-A62B-65D97298298A}.Release|Any CPU.Build.0 = Release|Any CPU
		{1583F050-4119-442F-A62B-65D97298298A}.Release|Mixed Platforms.ActiveCfg = Release|x86
		{1583F050-4119-442F-A62B-65D97298298A}.Release|Mixed Platforms.Build.0 = Release|x86
		{1583F050-4119-442F-A62B-65D97298298A}.Release|x86.ActiveCfg = Release|x86
		{1583F050-4119-442F-A62B-65D97298298A}.Release|x86.Build.0 = Release|x86
		{7311254C-5B3B-43FF-A192-2EE572D24AB8}.Debug|Any CPU.ActiveCfg = Debug|Any CPU
		{7311254C-5B3B-43FF-A192-2EE572D24AB8}.Debug|Any CPU.Build.0 = Debug|Any CPU
		{7311254C-5B3B-43FF-A192-2EE572D24AB8}.Debug|Mixed Platforms.ActiveCfg = Debug|Any CPU
		{7311254C-5B3B-43FF-A192-2EE572D24AB8}.Debug|Mixed Platforms.Build.0 = Debug|Any CPU
		{7311254C-5B3B-43FF-A192-2EE572D24AB8}.Debug|x86.ActiveCfg = Debug|Any CPU
		{7311254C-5B3B-43FF-A192-2EE572D24AB8}.Debug|x86.Build.0 = Debug|Any CPU
		{7311254C-5B3B-43FF-A192-2EE572D24AB8}.Release|Any CPU.ActiveCfg = Release|Any CPU
		{7311254C-5B3B-43FF-A192-2EE572D24AB8}.Release|Any CPU.Build.0 = Release|Any CPU
		{7311254C-5B3B-43FF-A192-2EE572D24AB8}.Release|Mixed Platforms.ActiveCfg = Release|Any CPU
		{7311254C-5B3B-43FF-A192-2EE572D24AB8}.Release|Mixed Platforms.Build.0 = Release|Any CPU
		{7311254C-5B3B-43FF-A192-2EE572D24AB8}.Release|x86.ActiveCfg = Release|Any CPU
		{7311254C-5B3B-43FF-A192-2EE572D24AB8}.Release|x86.Build.0 = Release|Any CPU
		{6FD4582A-9360-4BB6-9024-DAB758B599B3}.Debug|Any CPU.ActiveCfg = Debug|Any CPU
		{6FD4582A-9360-4BB6-9024-DAB758B599B3}.Debug|Any CPU.Build.0 = Debug|Any CPU
		{6FD4582A-9360-4BB6-9024-DAB758B599B3}.Debug|Mixed Platforms.ActiveCfg = Debug|x86
		{6FD4582A-9360-4BB6-9024-DAB758B599B3}.Debug|Mixed Platforms.Build.0 = Debug|x86
		{6FD4582A-9360-4BB6-9024-DAB758B599B3}.Debug|x86.ActiveCfg = Debug|x86
		{6FD4582A-9360-4BB6-9024-DAB758B599B3}.Debug|x86.Build.0 = Debug|x86
		{6FD4582A-9360-4BB6-9024-DAB758B599B3}.Release|Any CPU.ActiveCfg = Release|Any CPU
		{6FD4582A-9360-4BB6-9024-DAB758B599B3}.Release|Any CPU.Build.0 = Release|Any CPU
		{6FD4582A-9360-4BB6-9024-DAB758B599B3}.Release|Mixed Platforms.ActiveCfg = Release|x86
		{6FD4582A-9360-4BB6-9024-DAB758B599B3}.Release|Mixed Platforms.Build.0 = Release|x86
		{6FD4582A-9360-4BB6-9024-DAB758B599B3}.Release|x86.ActiveCfg = Release|x86
		{6FD4582A-9360-4BB6-9024-DAB758B599B3}.Release|x86.Build.0 = Release|x86
		{A23EFF64-E4C7-4020-9464-A9B475BD68D0}.Debug|Any CPU.ActiveCfg = Debug|x86
		{A23EFF64-E4C7-4020-9464-A9B475BD68D0}.Debug|Any CPU.Build.0 = Debug|x86
		{A23EFF64-E4C7-4020-9464-A9B475BD68D0}.Debug|Mixed Platforms.ActiveCfg = Debug|x86
		{A23EFF64-E4C7-4020-9464-A9B475BD68D0}.Debug|Mixed Platforms.Build.0 = Debug|x86
		{A23EFF64-E4C7-4020-9464-A9B475BD68D0}.Debug|x86.ActiveCfg = Debug|x86
		{A23EFF64-E4C7-4020-9464-A9B475BD68D0}.Debug|x86.Build.0 = Debug|x86
		{A23EFF64-E4C7-4020-9464-A9B475BD68D0}.Release|Any CPU.ActiveCfg = Release|x86
		{A23EFF64-E4C7-4020-9464-A9B475BD68D0}.Release|Mixed Platforms.ActiveCfg = Release|x86
		{A23EFF64-E4C7-4020-9464-A9B475BD68D0}.Release|Mixed Platforms.Build.0 = Release|x86
		{A23EFF64-E4C7-4020-9464-A9B475BD68D0}.Release|x86.ActiveCfg = Release|x86
		{A23EFF64-E4C7-4020-9464-A9B475BD68D0}.Release|x86.Build.0 = Release|x86
	EndGlobalSection
	GlobalSection(SolutionProperties) = preSolution
		HideSolutionNode = FALSE
	EndGlobalSection
	GlobalSection(NestedProjects) = preSolution
		{FFB521EE-43B1-4389-B393-98CC5C38EDE1} = {8AA91BFB-AA86-4F15-9AA8-CFDF4059FDF7}
	EndGlobalSection
	GlobalSection(ExtensibilityGlobals) = postSolution
		SolutionGuid = {EE3F4224-6081-4020-8225-64CF91DDE386}
	EndGlobalSection
EndGlobal
